
Microsoft Visual Studio Solution File, Format Version 11.00
# Visual Studio 2010
# SharpDevelop 4.4
Project("{FAE04EC0-301F-11D3-BF4B-00C04F79EFBC}") = "Practica 3", "Practica 3\Practica 3.csproj", "{82819269-509D-4E0C-A862-9CAA9F4BD735}"
EndProject
Global
	GlobalSection(SolutionConfigurationPlatforms) = preSolution
		Debug|Any CPU = Debug|Any CPU
		Release|Any CPU = Release|Any CPU
	EndGlobalSection
	GlobalSection(ProjectConfigurationPlatforms) = postSolution
		{82819269-509D-4E0C-A862-9CAA9F4BD735}.Debug|Any CPU.Build.0 = Debug|Any CPU
		{82819269-509D-4E0C-A862-9CAA9F4BD735}.Debug|Any CPU.ActiveCfg = Debug|Any CPU
		{82819269-509D-4E0C-A862-9CAA9F4BD735}.Release|Any CPU.Build.0 = Release|Any CPU
		{82819269-509D-4E0C-A862-9CAA9F4BD735}.Release|Any CPU.ActiveCfg = Release|Any CPU
	EndGlobalSection
EndGlobal
